#MicroXplorer Configuration settings - do not modify
ADC.ClockPrescaler=ADC_CLOCK_ASYNC_DIV1
ADC.ContinuousConvMode=DISABLE
ADC.DMAContinuousRequests=DISABLE
ADC.DataAlign=ADC_DATAALIGN_RIGHT
ADC.DiscontinuousConvMode=ENABLE
ADC.EOCSelection=ADC_EOC_SEQ_CONV
ADC.EnableAnalogWatchDog=false
ADC.ExternalTrigConv=ADC_SOFTWARE_START
ADC.ExternalTrigConvEdge=ADC_EXTERNALTRIGCONVEDGE_NONE
ADC.IPParameters=ClockPrescaler,Resolution,DataAlign,ScanConvMode,ContinuousConvMode,DiscontinuousConvMode,DMAContinuousRequests,EOCSelection,Overrun,LowPowerAutoWait,LowPowerAutoPowerOff,SamplingTime,ExternalTrigConv,ExternalTrigConvEdge,EnableAnalogWatchDog
ADC.LowPowerAutoPowerOff=DISABLE
ADC.LowPowerAutoWait=DISABLE
ADC.Overrun=ADC_OVR_DATA_PRESERVED
ADC.Resolution=ADC_RESOLUTION_12B
ADC.SamplingTime=ADC_SAMPLETIME_239CYCLES_5
ADC.ScanConvMode=ADC_SCAN_DIRECTION_FORWARD
COMP1.Hysteresis=COMP_HYSTERESIS_NONE
COMP1.IPParameters=TriggerMode,Hysteresis
COMP1.TriggerMode=COMP_TRIGGERMODE_IT_RISING_FALLING
Dma.Request0=TIM15_CH1/UP/TRIG/COM
Dma.Request1=TIM2_UP
Dma.Request2=TIM2_CH3
Dma.RequestsNb=3
Dma.TIM15_CH1/UP/TRIG/COM.0.Direction=DMA_PERIPH_TO_MEMORY
Dma.TIM15_CH1/UP/TRIG/COM.0.Instance=DMA1_Channel5
Dma.TIM15_CH1/UP/TRIG/COM.0.MemDataAlignment=DMA_MDATAALIGN_WORD
Dma.TIM15_CH1/UP/TRIG/COM.0.MemInc=DMA_MINC_ENABLE
Dma.TIM15_CH1/UP/TRIG/COM.0.Mode=DMA_NORMAL
Dma.TIM15_CH1/UP/TRIG/COM.0.PeriphDataAlignment=DMA_PDATAALIGN_HALFWORD
Dma.TIM15_CH1/UP/TRIG/COM.0.PeriphInc=DMA_PINC_DISABLE
Dma.TIM15_CH1/UP/TRIG/COM.0.Priority=DMA_PRIORITY_MEDIUM
Dma.TIM15_CH1/UP/TRIG/COM.0.RequestParameters=Instance,Direction,PeriphInc,MemInc,PeriphDataAlignment,MemDataAlignment,Mode,Priority
Dma.TIM2_CH3.2.Direction=DMA_MEMORY_TO_PERIPH
Dma.TIM2_CH3.2.Instance=DMA1_Channel1
Dma.TIM2_CH3.2.MemDataAlignment=DMA_MDATAALIGN_WORD
Dma.TIM2_CH3.2.MemInc=DMA_MINC_ENABLE
Dma.TIM2_CH3.2.Mode=DMA_NORMAL
Dma.TIM2_CH3.2.PeriphDataAlignment=DMA_PDATAALIGN_WORD
Dma.TIM2_CH3.2.PeriphInc=DMA_PINC_DISABLE
Dma.TIM2_CH3.2.Priority=DMA_PRIORITY_LOW
Dma.TIM2_CH3.2.RequestParameters=Instance,Direction,PeriphInc,MemInc,PeriphDataAlignment,MemDataAlignment,Mode,Priority
Dma.TIM2_UP.1.Direction=DMA_MEMORY_TO_PERIPH
Dma.TIM2_UP.1.Instance=DMA1_Channel2
Dma.TIM2_UP.1.MemDataAlignment=DMA_MDATAALIGN_WORD
Dma.TIM2_UP.1.MemInc=DMA_MINC_ENABLE
Dma.TIM2_UP.1.Mode=DMA_NORMAL
Dma.TIM2_UP.1.PeriphDataAlignment=DMA_PDATAALIGN_WORD
Dma.TIM2_UP.1.PeriphInc=DMA_PINC_DISABLE
Dma.TIM2_UP.1.Priority=DMA_PRIORITY_LOW
Dma.TIM2_UP.1.RequestParameters=Instance,Direction,PeriphInc,MemInc,PeriphDataAlignment,MemDataAlignment,Mode,Priority
File.Version=6
IWDG.IPParameters=Window,Prescaler,Reload
IWDG.Prescaler=IWDG_PRESCALER_16
IWDG.Reload=4000
IWDG.Window=4095
KeepUserPlacement=false
Mcu.Family=STM32F0
Mcu.IP0=ADC
Mcu.IP1=COMP1
Mcu.IP10=TIM6
Mcu.IP11=TIM14
Mcu.IP12=TIM15
Mcu.IP13=TIM16
Mcu.IP14=TIM17
Mcu.IP2=DMA
Mcu.IP3=IWDG
Mcu.IP4=NVIC
Mcu.IP5=RCC
Mcu.IP6=SYS
Mcu.IP7=TIM1
Mcu.IP8=TIM2
Mcu.IP9=TIM3
Mcu.IPNb=15
Mcu.Name=STM32F051K6Tx
Mcu.Package=LQFP32
Mcu.Pin0=PA1
Mcu.Pin1=PA2
Mcu.Pin10=PA10
Mcu.Pin11=PA13
Mcu.Pin12=PA14
Mcu.Pin13=PA15
Mcu.Pin14=VP_ADC_TempSens_Input
Mcu.Pin15=VP_IWDG_VS_IWDG
Mcu.Pin16=VP_SYS_VS_Systick
Mcu.Pin17=VP_TIM1_VS_ClockSourceINT
Mcu.Pin18=VP_TIM1_VS_no_output4
Mcu.Pin19=VP_TIM2_VS_ClockSourceINT
Mcu.Pin2=PA3
Mcu.Pin20=VP_TIM2_VS_no_output3
Mcu.Pin21=VP_TIM3_VS_ClockSourceINT
Mcu.Pin22=VP_TIM6_VS_ClockSourceINT
Mcu.Pin23=VP_TIM14_VS_ClockSourceINT
Mcu.Pin24=VP_TIM15_VS_ControllerModeReset
Mcu.Pin25=VP_TIM16_VS_ClockSourceINT
Mcu.Pin26=VP_TIM17_VS_ClockSourceINT
Mcu.Pin3=PA5
Mcu.Pin4=PA6
Mcu.Pin5=PA7
Mcu.Pin6=PB0
Mcu.Pin7=PB1
Mcu.Pin8=PA8
Mcu.Pin9=PA9
Mcu.PinsNb=27
Mcu.ThirdPartyNb=0
Mcu.UserConstants=
Mcu.UserName=STM32F051K6Tx
MxCube.Version=5.4.0
MxDb.Version=DB.5.0.40
NVIC.ADC1_COMP_IRQn=true\:0\:0\:true\:false\:true\:false\:true
NVIC.DMA1_Channel1_IRQn=true\:1\:0\:true\:false\:true\:false\:true
NVIC.DMA1_Channel2_3_IRQn=true\:1\:0\:true\:false\:true\:false\:true
NVIC.DMA1_Channel4_5_IRQn=true\:1\:0\:true\:false\:true\:false\:true
NVIC.ForceEnableDMAVector=false
NVIC.HardFault_IRQn=true\:0\:0\:false\:false\:true\:false\:false
NVIC.NonMaskableInt_IRQn=true\:0\:0\:false\:false\:true\:false\:false
NVIC.PendSV_IRQn=true\:0\:0\:false\:false\:true\:false\:false
NVIC.SVC_IRQn=true\:0\:0\:false\:false\:true\:false\:false
NVIC.SysTick_IRQn=true\:0\:0\:false\:false\:true\:false\:true
NVIC.TIM14_IRQn=true\:2\:0\:true\:false\:true\:true\:true
NVIC.TIM16_IRQn=true\:2\:0\:true\:false\:true\:true\:true
NVIC.TIM6_DAC_IRQn=true\:0\:0\:false\:false\:true\:true\:true
PA1.Mode=INP
PA1.Signal=COMP1_INP
PA10.Signal=S_TIM1_CH3
PA13.Locked=true
PA13.Mode=Serial_Wire
PA13.Signal=SYS_SWDIO
PA14.Mode=Serial_Wire
PA14.Signal=SYS_SWCLK
PA15.Locked=true
PA15.Signal=GPIO_Output
PA2.Locked=true
PA2.Signal=S_TIM15_CH1
PA3.Locked=true
PA3.Mode=IN3
PA3.Signal=ADC_IN3
PA5.Locked=true
PA5.Mode=INM
PA5.Signal=COMP1_INM
PA6.Locked=true
PA6.Mode=IN6
PA6.Signal=ADC_IN6
PA7.Mode=PWM Generation1 CH1 CH1N
PA7.Signal=TIM1_CH1N
PA8.Signal=S_TIM1_CH1
PA9.Signal=S_TIM1_CH2
PB0.Mode=PWM Generation2 CH2 CH2N
PB0.Signal=TIM1_CH2N
PB1.Mode=PWM Generation3 CH3 CH3N
PB1.Signal=TIM1_CH3N
PCC.Checker=false
PCC.Line=STM32F0x1
PCC.MCU=STM32F051K6Tx
PCC.PartNumber=STM32F051K6Tx
PCC.Seq0=0
PCC.Series=STM32F0
PCC.Temperature=25
PCC.Vdd=3.3
PinOutPanel.RotationAngle=0
ProjectManager.AskForMigrate=true
ProjectManager.BackupPrevious=false
ProjectManager.CompilerOptimize=2
ProjectManager.ComputerToolchain=false
ProjectManager.CoupleFile=false
ProjectManager.CustomerFirmwarePackage=
ProjectManager.DefaultFWLocation=true
ProjectManager.DeletePrevious=true
ProjectManager.DeviceId=STM32F051K6Tx
ProjectManager.FirmwarePackage=STM32Cube FW_F0 V1.11.0
ProjectManager.FreePins=false
ProjectManager.HalAssertFull=false
ProjectManager.HeapSize=0x200
ProjectManager.KeepUserCode=true
ProjectManager.LastFirmware=true
ProjectManager.LibraryCopy=1
ProjectManager.MainLocation=Src
ProjectManager.NoMain=false
ProjectManager.PreviousToolchain=TrueSTUDIO
ProjectManager.ProjectBuild=false
ProjectManager.ProjectFileName=FullF051Bldc.ioc
ProjectManager.ProjectName=FullF051Bldc
ProjectManager.StackSize=0x400
ProjectManager.TargetToolchain=STM32CubeIDE
ProjectManager.ToolChainLocation=
ProjectManager.UnderRoot=true
ProjectManager.functionlistsort=1-MX_GPIO_Init-GPIO-false-LL-true,2-MX_DMA_Init-DMA-false-HAL-true,3-SystemClock_Config-RCC-false-HAL-true,4-MX_ADC_Init-ADC-false-HAL-true,5-MX_COMP1_Init-COMP1-false-HAL-true,6-MX_TIM1_Init-TIM1-false-HAL-true,7-MX_TIM2_Init-TIM2-false-HAL-true,8-MX_TIM3_Init-TIM3-false-HAL-true,9-MX_TIM15_Init-TIM15-false-HAL-true,10-MX_IWDG_Init-IWDG-false-HAL-true,11-MX_TIM16_Init-TIM16-false-HAL-true,12-MX_TIM14_Init-TIM14-false-HAL-true
RCC.AHBFreq_Value=48000000
RCC.APB1Freq_Value=48000000
RCC.APB1TimFreq_Value=48000000
RCC.CECFreq_Value=32786.88524590164
RCC.FCLKCortexFreq_Value=48000000
RCC.FamilyName=M
RCC.HCLKFreq_Value=48000000
RCC.HSICECFreq_Value=32786.88524590164
RCC.I2SFreq_Value=48000000
RCC.IPParameters=AHBFreq_Value,APB1Freq_Value,APB1TimFreq_Value,CECFreq_Value,FCLKCortexFreq_Value,FamilyName,HCLKFreq_Value,HSICECFreq_Value,I2SFreq_Value,MCOFreq_Value,PLLCLKFreq_Value,PLLMCOFreq_Value,PLLMUL,SYSCLKFreq_VALUE,SYSCLKSource,TimSysFreq_Value,USART1Freq_Value,VCOOutput2Freq_Value
RCC.MCOFreq_Value=48000000
RCC.PLLCLKFreq_Value=48000000
RCC.PLLMCOFreq_Value=24000000
RCC.PLLMUL=RCC_PLL_MUL12
RCC.SYSCLKFreq_VALUE=48000000
RCC.SYSCLKSource=RCC_SYSCLKSOURCE_PLLCLK
RCC.TimSysFreq_Value=48000000
RCC.USART1Freq_Value=48000000
RCC.VCOOutput2Freq_Value=4000000
SH.S_TIM15_CH1.0=TIM15_CH1,Input_Capture1_from_TI1
SH.S_TIM15_CH1.1=TIM15_CH1,TriggerSource_TI1FP1
SH.S_TIM15_CH1.ConfNb=2
SH.S_TIM1_CH1.0=TIM1_CH1,PWM Generation1 CH1 CH1N
SH.S_TIM1_CH1.ConfNb=1
SH.S_TIM1_CH2.0=TIM1_CH2,PWM Generation2 CH2 CH2N
SH.S_TIM1_CH2.ConfNb=1
SH.S_TIM1_CH3.0=TIM1_CH3,PWM Generation3 CH3 CH3N
SH.S_TIM1_CH3.ConfNb=1
TIM1.Channel-PWM\ Generation1\ CH1\ CH1N=TIM_CHANNEL_1
TIM1.Channel-PWM\ Generation2\ CH2\ CH2N=TIM_CHANNEL_2
TIM1.Channel-PWM\ Generation3\ CH3\ CH3N=TIM_CHANNEL_3
TIM1.Channel-PWM\ Generation4\ No\ Output=TIM_CHANNEL_4
TIM1.CounterMode=TIM_COUNTERMODE_UP
TIM1.DeadTime=70
TIM1.IPParameters=Channel-PWM Generation1 CH1 CH1N,Channel-PWM Generation2 CH2 CH2N,Channel-PWM Generation3 CH3 CH3N,Prescaler,Period,DeadTime,CounterMode,TIM_MasterOutputTrigger,TIM_MasterSlaveMode,Channel-PWM Generation4 No Output
TIM1.Period=1999
TIM1.Prescaler=0
TIM1.TIM_MasterOutputTrigger=TIM_TRGO_RESET
TIM1.TIM_MasterSlaveMode=TIM_MASTERSLAVEMODE_DISABLE
TIM14.IPParameters=Prescaler,Period
TIM14.Period=4000
TIM14.Prescaler=10
TIM15.Channel-Input_Capture1_from_TI1=TIM_CHANNEL_1
TIM15.ICPolarity_CH1=TIM_INPUTCHANNELPOLARITY_BOTHEDGE
TIM15.IPParameters=Channel-Input_Capture1_from_TI1,ICPolarity_CH1,Period
TIM15.Period=0xffff
TIM16.IPParameters=Period
TIM16.Period=9000
TIM17.IPParameters=Prescaler,Period
TIM17.Period=65535
TIM17.Prescaler=47
TIM2.Channel-PWM\ Generation3\ No\ Output=TIM_CHANNEL_3
TIM2.IPParameters=Prescaler,Period,Channel-PWM Generation3 No Output,OCPolarity_3,OC3Preload_PWM,OCFastMode_PWM-PWM Generation3 No Output
TIM2.OC3Preload_PWM=DISABLE
TIM2.OCFastMode_PWM-PWM\ Generation3\ No\ Output=TIM_OCFAST_ENABLE
TIM2.OCPolarity_3=TIM_OCPOLARITY_LOW
TIM2.Period=64
TIM2.Prescaler=1
TIM3.IPParameters=Prescaler,Period
TIM3.Period=65535
TIM3.Prescaler=10
TIM6.IPParameters=Prescaler,Period
TIM6.Period=65535
TIM6.Prescaler=10
VP_ADC_TempSens_Input.Mode=IN-TempSens
VP_ADC_TempSens_Input.Signal=ADC_TempSens_Input
VP_IWDG_VS_IWDG.Mode=IWDG_Activate
VP_IWDG_VS_IWDG.Signal=IWDG_VS_IWDG
VP_SYS_VS_Systick.Mode=SysTick
VP_SYS_VS_Systick.Signal=SYS_VS_Systick
VP_TIM14_VS_ClockSourceINT.Mode=Enable_Timer
VP_TIM14_VS_ClockSourceINT.Signal=TIM14_VS_ClockSourceINT
VP_TIM15_VS_ControllerModeReset.Mode=Reset Mode
VP_TIM15_VS_ControllerModeReset.Signal=TIM15_VS_ControllerModeReset
VP_TIM16_VS_ClockSourceINT.Mode=Enable_Timer
VP_TIM16_VS_ClockSourceINT.Signal=TIM16_VS_ClockSourceINT
VP_TIM17_VS_ClockSourceINT.Mode=Enable_Timer
VP_TIM17_VS_ClockSourceINT.Signal=TIM17_VS_ClockSourceINT
VP_TIM1_VS_ClockSourceINT.Mode=Internal
VP_TIM1_VS_ClockSourceINT.Signal=TIM1_VS_ClockSourceINT
VP_TIM1_VS_no_output4.Mode=PWM Generation4 No Output
VP_TIM1_VS_no_output4.Signal=TIM1_VS_no_output4
VP_TIM2_VS_ClockSourceINT.Mode=Internal
VP_TIM2_VS_ClockSourceINT.Signal=TIM2_VS_ClockSourceINT
VP_TIM2_VS_no_output3.Mode=PWM Generation3 No Output
VP_TIM2_VS_no_output3.Signal=TIM2_VS_no_output3
VP_TIM3_VS_ClockSourceINT.Mode=Internal
VP_TIM3_VS_ClockSourceINT.Signal=TIM3_VS_ClockSourceINT
VP_TIM6_VS_ClockSourceINT.Mode=Enable_Timer
VP_TIM6_VS_ClockSourceINT.Signal=TIM6_VS_ClockSourceINT
board=f051bldc
isbadioc=false
